// !$*UTF8*$!
{
	archiveVersion = 1;
	classes = {
	};
	objectVersion = 56;
	objects = {

/* Begin PBXBuildFile section */
		3CEC0DD32C683A3400607710 /* olympus_esdras_swiftApp.swift in Sources */ = {isa = PBXBuildFile; fileRef = 3CEC0DD22C683A3400607710 /* olympus_esdras_swiftApp.swift */; };
		3CEC0DD52C683A3400607710 /* ContentView.swift in Sources */ = {isa = PBXBuildFile; fileRef = 3CEC0DD42C683A3400607710 /* ContentView.swift */; };
		3CEC0DD72C683A3800607710 /* Assets.xcassets in Resources */ = {isa = PBXBuildFile; fileRef = 3CEC0DD62C683A3800607710 /* Assets.xcassets */; };
		3CEC0DDA2C683A3800607710 /* Preview Assets.xcassets in Resources */ = {isa = PBXBuildFile; fileRef = 3CEC0DD92C683A3800607710 /* Preview Assets.xcassets */; };
		3CEC0DE42C683A3900607710 /* olympus_esdras_swiftTests.swift in Sources */ = {isa = PBXBuildFile; fileRef = 3CEC0DE32C683A3900607710 /* olympus_esdras_swiftTests.swift */; };
		3CEC0DEE2C683A3900607710 /* olympus_esdras_swiftUITests.swift in Sources */ = {isa = PBXBuildFile; fileRef = 3CEC0DED2C683A3900607710 /* olympus_esdras_swiftUITests.swift */; };
		3CEC0DF02C683A3900607710 /* olympus_esdras_swiftUITestsLaunchTests.swift in Sources */ = {isa = PBXBuildFile; fileRef = 3CEC0DEF2C683A3900607710 /* olympus_esdras_swiftUITestsLaunchTests.swift */; };
/* End PBXBuildFile section */

/* Begin PBXContainerItemProxy section */
		3CEC0DE02C683A3900607710 /* PBXContainerItemProxy */ = {
			isa = PBXContainerItemProxy;
			containerPortal = 3CEC0DC72C683A3400607710 /* Project object */;
			proxyType = 1;
			remoteGlobalIDString = 3CEC0DCE2C683A3400607710;
			remoteInfo = "olympus-esdras-swift";
		};
		3CEC0DEA2C683A3900607710 /* PBXContainerItemProxy */ = {
			isa = PBXContainerItemProxy;
			containerPortal = 3CEC0DC72C683A3400607710 /* Project object */;
			proxyType = 1;
			remoteGlobalIDString = 3CEC0DCE2C683A3400607710;
			remoteInfo = "olympus-esdras-swift";
		};
/* End PBXContainerItemProxy section */

/* Begin PBXFileReference section */
		3CEC0DCF2C683A3400607710 /* olympus-esdras-swift.app */ = {isa = PBXFileReference; explicitFileType = wrapper.application; includeInIndex = 0; path = "olympus-esdras-swift.app"; sourceTree = BUILT_PRODUCTS_DIR; };
		3CEC0DD22C683A3400607710 /* olympus_esdras_swiftApp.swift */ = {isa = PBXFileReference; lastKnownFileType = sourcecode.swift; path = olympus_esdras_swiftApp.swift; sourceTree = "<group>"; };
		3CEC0DD42C683A3400607710 /* ContentView.swift */ = {isa = PBXFileReference; lastKnownFileType = sourcecode.swift; path = ContentView.swift; sourceTree = "<group>"; };
		3CEC0DD62C683A3800607710 /* Assets.xcassets */ = {isa = PBXFileReference; lastKnownFileType = folder.assetcatalog; path = Assets.xcassets; sourceTree = "<group>"; };
		3CEC0DD92C683A3800607710 /* Preview Assets.xcassets */ = {isa = PBXFileReference; lastKnownFileType = folder.assetcatalog; path = "Preview Assets.xcassets"; sourceTree = "<group>"; };
		3CEC0DDF2C683A3900607710 /* olympus-esdras-swiftTests.xctest */ = {isa = PBXFileReference; explicitFileType = wrapper.cfbundle; includeInIndex = 0; path = "olympus-esdras-swiftTests.xctest"; sourceTree = BUILT_PRODUCTS_DIR; };
		3CEC0DE32C683A3900607710 /* olympus_esdras_swiftTests.swift */ = {isa = PBXFileReference; lastKnownFileType = sourcecode.swift; path = olympus_esdras_swiftTests.swift; sourceTree = "<group>"; };
		3CEC0DE92C683A3900607710 /* olympus-esdras-swiftUITests.xctest */ = {isa = PBXFileReference; explicitFileType = wrapper.cfbundle; includeInIndex = 0; path = "olympus-esdras-swiftUITests.xctest"; sourceTree = BUILT_PRODUCTS_DIR; };
		3CEC0DED2C683A3900607710 /* olympus_esdras_swiftUITests.swift */ = {isa = PBXFileReference; lastKnownFileType = sourcecode.swift; path = olympus_esdras_swiftUITests.swift; sourceTree = "<group>"; };
		3CEC0DEF2C683A3900607710 /* olympus_esdras_swiftUITestsLaunchTests.swift */ = {isa = PBXFileReference; lastKnownFileType = sourcecode.swift; path = olympus_esdras_swiftUITestsLaunchTests.swift; sourceTree = "<group>"; };
/* End PBXFileReference section */

/* Begin PBXFrameworksBuildPhase section */
		3CEC0DCC2C683A3400607710 /* Frameworks */ = {
			isa = PBXFrameworksBuildPhase;
			buildActionMask = 2147483647;
			files = (
			);
			runOnlyForDeploymentPostprocessing = 0;
		};
		3CEC0DDC2C683A3900607710 /* Frameworks */ = {
			isa = PBXFrameworksBuildPhase;
			buildActionMask = 2147483647;
			files = (
			);
			runOnlyForDeploymentPostprocessing = 0;
		};
		3CEC0DE62C683A3900607710 /* Frameworks */ = {
			isa = PBXFrameworksBuildPhase;
			buildActionMask = 2147483647;
			files = (
			);
			runOnlyForDeploymentPostprocessing = 0;
		};
/* End PBXFrameworksBuildPhase section */

/* Begin PBXGroup section */
		3CEC0DC62C683A3400607710 = {
			isa = PBXGroup;
			children = (
				3CEC0DD12C683A3400607710 /* olympus-esdras-swift */,
				3CEC0DE22C683A3900607710 /* olympus-esdras-swiftTests */,
				3CEC0DEC2C683A3900607710 /* olympus-esdras-swiftUITests */,
				3CEC0DD02C683A3400607710 /* Products */,
			);
			sourceTree = "<group>";
		};
		3CEC0DD02C683A3400607710 /* Products */ = {
			isa = PBXGroup;
			children = (
				3CEC0DCF2C683A3400607710 /* olympus-esdras-swift.app */,
				3CEC0DDF2C683A3900607710 /* olympus-esdras-swiftTests.xctest */,
				3CEC0DE92C683A3900607710 /* olympus-esdras-swiftUITests.xctest */,
			);
			name = Products;
			sourceTree = "<group>";
		};
		3CEC0DD12C683A3400607710 /* olympus-esdras-swift */ = {
			isa = PBXGroup;
			children = (
				3CEC0DD22C683A3400607710 /* olympus_esdras_swiftApp.swift */,
				3CEC0DD42C683A3400607710 /* ContentView.swift */,
				3CEC0DD62C683A3800607710 /* Assets.xcassets */,
				3CEC0DD82C683A3800607710 /* Preview Content */,
			);
			path = "olympus-esdras-swift";
			sourceTree = "<group>";
		};
		3CEC0DD82C683A3800607710 /* Preview Content */ = {
			isa = PBXGroup;
			children = (
				3CEC0DD92C683A3800607710 /* Preview Assets.xcassets */,
			);
			path = "Preview Content";
			sourceTree = "<group>";
		};
		3CEC0DE22C683A3900607710 /* olympus-esdras-swiftTests */ = {
			isa = PBXGroup;
			children = (
				3CEC0DE32C683A3900607710 /* olympus_esdras_swiftTests.swift */,
			);
			path = "olympus-esdras-swiftTests";
			sourceTree = "<group>";
		};
		3CEC0DEC2C683A3900607710 /* olympus-esdras-swiftUITests */ = {
			isa = PBXGroup;
			children = (
				3CEC0DED2C683A3900607710 /* olympus_esdras_swiftUITests.swift */,
				3CEC0DEF2C683A3900607710 /* olympus_esdras_swiftUITestsLaunchTests.swift */,
			);
			path = "olympus-esdras-swiftUITests";
			sourceTree = "<group>";
		};
/* End PBXGroup section */

/* Begin PBXNativeTarget section */
		3CEC0DCE2C683A3400607710 /* olympus-esdras-swift */ = {
			isa = PBXNativeTarget;
			buildConfigurationList = 3CEC0DF32C683A3900607710 /* Build configuration list for PBXNativeTarget "olympus-esdras-swift" */;
			buildPhases = (
				3CEC0DCB2C683A3400607710 /* Sources */,
				3CEC0DCC2C683A3400607710 /* Frameworks */,
				3CEC0DCD2C683A3400607710 /* Resources */,
			);
			buildRules = (
			);
			dependencies = (
			);
			name = "olympus-esdras-swift";
			productName = "olympus-esdras-swift";
			productReference = 3CEC0DCF2C683A3400607710 /* olympus-esdras-swift.app */;
			productType = "com.apple.product-type.application";
		};
		3CEC0DDE2C683A3900607710 /* olympus-esdras-swiftTests */ = {
			isa = PBXNativeTarget;
			buildConfigurationList = 3CEC0DF62C683A3900607710 /* Build configuration list for PBXNativeTarget "olympus-esdras-swiftTests" */;
			buildPhases = (
				3CEC0DDB2C683A3900607710 /* Sources */,
				3CEC0DDC2C683A3900607710 /* Frameworks */,
				3CEC0DDD2C683A3900607710 /* Resources */,
			);
			buildRules = (
			);
			dependencies = (
				3CEC0DE12C683A3900607710 /* PBXTargetDependency */,
			);
			name = "olympus-esdras-swiftTests";
			productName = "olympus-esdras-swiftTests";
			productReference = 3CEC0DDF2C683A3900607710 /* olympus-esdras-swiftTests.xctest */;
			productType = "com.apple.product-type.bundle.unit-test";
		};
		3CEC0DE82C683A3900607710 /* olympus-esdras-swiftUITests */ = {
			isa = PBXNativeTarget;
			buildConfigurationList = 3CEC0DF92C683A3900607710 /* Build configuration list for PBXNativeTarget "olympus-esdras-swiftUITests" */;
			buildPhases = (
				3CEC0DE52C683A3900607710 /* Sources */,
				3CEC0DE62C683A3900607710 /* Frameworks */,
				3CEC0DE72C683A3900607710 /* Resources */,
			);
			buildRules = (
			);
			dependencies = (
				3CEC0DEB2C683A3900607710 /* PBXTargetDependency */,
			);
			name = "olympus-esdras-swiftUITests";
			productName = "olympus-esdras-swiftUITests";
			productReference = 3CEC0DE92C683A3900607710 /* olympus-esdras-swiftUITests.xctest */;
			productType = "com.apple.product-type.bundle.ui-testing";
		};
/* End PBXNativeTarget section */

/* Begin PBXProject section */
		3CEC0DC72C683A3400607710 /* Project object */ = {
			isa = PBXProject;
			attributes = {
				BuildIndependentTargetsInParallel = 1;
				LastSwiftUpdateCheck = 1540;
				LastUpgradeCheck = 1540;
				TargetAttributes = {
					3CEC0DCE2C683A3400607710 = {
						CreatedOnToolsVersion = 15.4;
					};
					3CEC0DDE2C683A3900607710 = {
						CreatedOnToolsVersion = 15.4;
						TestTargetID = 3CEC0DCE2C683A3400607710;
					};
					3CEC0DE82C683A3900607710 = {
						CreatedOnToolsVersion = 15.4;
						TestTargetID = 3CEC0DCE2C683A3400607710;
					};
				};
			};
			buildConfigurationList = 3CEC0DCA2C683A3400607710 /* Build configuration list for PBXProject "olympus-esdras-swift" */;
			compatibilityVersion = "Xcode 14.0";
			developmentRegion = en;
			hasScannedForEncodings = 0;
			knownRegions = (
				en,
				Base,
			);
			mainGroup = 3CEC0DC62C683A3400607710;
			packageReferences = (
				3CEC0DFC2C68424F00607710 /* XCRemoteSwiftPackageReference "RxSwift" */,
			);
			productRefGroup = 3CEC0DD02C683A3400607710 /* Products */;
			projectDirPath = "";
			projectRoot = "";
			targets = (
				3CEC0DCE2C683A3400607710 /* olympus-esdras-swift */,
				3CEC0DDE2C683A3900607710 /* olympus-esdras-swiftTests */,
				3CEC0DE82C683A3900607710 /* olympus-esdras-swiftUITests */,
			);
		};
/* End PBXProject section */

/* Begin PBXResourcesBuildPhase section */
		3CEC0DCD2C683A3400607710 /* Resources */ = {
			isa = PBXResourcesBuildPhase;
			buildActionMask = 2147483647;
			files = (
				3CEC0DDA2C683A3800607710 /* Preview Assets.xcassets in Resources */,
				3CEC0DD72C683A3800607710 /* Assets.xcassets in Resources */,
			);
			runOnlyForDeploymentPostprocessing = 0;
		};
		3CEC0DDD2C683A3900607710 /* Resources */ = {
			isa = PBXResourcesBuildPhase;
			buildActionMask = 2147483647;
			files = (
			);
			runOnlyForDeploymentPostprocessing = 0;
		};
		3CEC0DE72C683A3900607710 /* Resources */ = {
			isa = PBXResourcesBuildPhase;
			buildActionMask = 2147483647;
			files = (
			);
			runOnlyForDeploymentPostprocessing = 0;
		};
/* End PBXResourcesBuildPhase section */

/* Begin PBXSourcesBuildPhase section */
		3CEC0DCB2C683A3400607710 /* Sources */ = {
			isa = PBXSourcesBuildPhase;
			buildActionMask = 2147483647;
			files = (
				3CEC0DD52C683A3400607710 /* ContentView.swift in Sources */,
				3CEC0DD32C683A3400607710 /* olympus_esdras_swiftApp.swift in Sources */,
			);
			runOnlyForDeploymentPostprocessing = 0;
		};
		3CEC0DDB2C683A3900607710 /* Sources */ = {
			isa = PBXSourcesBuildPhase;
			buildActionMask = 2147483647;
			files = (
				3CEC0DE42C683A3900607710 /* olympus_esdras_swiftTests.swift in Sources */,
			);
			runOnlyForDeploymentPostprocessing = 0;
		};
		3CEC0DE52C683A3900607710 /* Sources */ = {
			isa = PBXSourcesBuildPhase;
			buildActionMask = 2147483647;
			files = (
				3CEC0DF02C683A3900607710 /* olympus_esdras_swiftUITestsLaunchTests.swift in Sources */,
				3CEC0DEE2C683A3900607710 /* olympus_esdras_swiftUITests.swift in Sources */,
			);
			runOnlyForDeploymentPostprocessing = 0;
		};
/* End PBXSourcesBuildPhase section */

/* Begin PBXTargetDependency section */
		3CEC0DE12C683A3900607710 /* PBXTargetDependency */ = {
			isa = PBXTargetDependency;
			target = 3CEC0DCE2C683A3400607710 /* olympus-esdras-swift */;
			targetProxy = 3CEC0DE02C683A3900607710 /* PBXContainerItemProxy */;
		};
		3CEC0DEB2C683A3900607710 /* PBXTargetDependency */ = {
			isa = PBXTargetDependency;
			target = 3CEC0DCE2C683A3400607710 /* olympus-esdras-swift */;
			targetProxy = 3CEC0DEA2C683A3900607710 /* PBXContainerItemProxy */;
		};
/* End PBXTargetDependency section */

/* Begin XCBuildConfiguration section */
		3CEC0DF12C683A3900607710 /* Debug */ = {
			isa = XCBuildConfiguration;
			buildSettings = {
				ALWAYS_SEARCH_USER_PATHS = NO;
				ASSETCATALOG_COMPILER_GENERATE_SWIFT_ASSET_SYMBOL_EXTENSIONS = YES;
				CLANG_ANALYZER_NONNULL = YES;
				CLANG_ANALYZER_NUMBER_OBJECT_CONVERSION = YES_AGGRESSIVE;
				CLANG_CXX_LANGUAGE_STANDARD = "gnu++20";
				CLANG_ENABLE_MODULES = YES;
				CLANG_ENABLE_OBJC_ARC = YES;
				CLANG_ENABLE_OBJC_WEAK = YES;
				CLANG_WARN_BLOCK_CAPTURE_AUTORELEASING = YES;
				CLANG_WARN_BOOL_CONVERSION = YES;
				CLANG_WARN_COMMA = YES;
				CLANG_WARN_CONSTANT_CONVERSION = YES;
				CLANG_WARN_DEPRECATED_OBJC_IMPLEMENTATIONS = YES;
				CLANG_WARN_DIRECT_OBJC_ISA_USAGE = YES_ERROR;
				CLANG_WARN_DOCUMENTATION_COMMENTS = YES;
				CLANG_WARN_EMPTY_BODY = YES;
				CLANG_WARN_ENUM_CONVERSION = YES;
				CLANG_WARN_INFINITE_RECURSION = YES;
				CLANG_WARN_INT_CONVERSION = YES;
				CLANG_WARN_NON_LITERAL_NULL_CONVERSION = YES;
				CLANG_WARN_OBJC_IMPLICIT_RETAIN_SELF = YES;
				CLANG_WARN_OBJC_LITERAL_CONVERSION = YES;
				CLANG_WARN_OBJC_ROOT_CLASS = YES_ERROR;
				CLANG_WARN_QUOTED_INCLUDE_IN_FRAMEWORK_HEADER = YES;
				CLANG_WARN_RANGE_LOOP_ANALYSIS = YES;
				CLANG_WARN_STRICT_PROTOTYPES = YES;
				CLANG_WARN_SUSPICIOUS_MOVE = YES;
				CLANG_WARN_UNGUARDED_AVAILABILITY = YES_AGGRESSIVE;
				CLANG_WARN_UNREACHABLE_CODE = YES;
				CLANG_WARN__DUPLICATE_METHOD_MATCH = YES;
				COPY_PHASE_STRIP = NO;
				DEBUG_INFORMATION_FORMAT = dwarf;
				ENABLE_STRICT_OBJC_MSGSEND = YES;
				ENABLE_TESTABILITY = YES;
				ENABLE_USER_SCRIPT_SANDBOXING = YES;
				GCC_C_LANGUAGE_STANDARD = gnu17;
				GCC_DYNAMIC_NO_PIC = NO;
				GCC_NO_COMMON_BLOCKS = YES;
				GCC_OPTIMIZATION_LEVEL = 0;
				GCC_PREPROCESSOR_DEFINITIONS = (
					"DEBUG=1",
					"$(inherited)",
				);
				GCC_WARN_64_TO_32_BIT_CONVERSION = YES;
				GCC_WARN_ABOUT_RETURN_TYPE = YES_ERROR;
				GCC_WARN_UNDECLARED_SELECTOR = YES;
				GCC_WARN_UNINITIALIZED_AUTOS = YES_AGGRESSIVE;
				GCC_WARN_UNUSED_FUNCTION = YES;
				GCC_WARN_UNUSED_VARIABLE = YES;
				IPHONEOS_DEPLOYMENT_TARGET = 17.5;
				LOCALIZATION_PREFERS_STRING_CATALOGS = YES;
				MTL_ENABLE_DEBUG_INFO = INCLUDE_SOURCE;
				MTL_FAST_MATH = YES;
				ONLY_ACTIVE_ARCH = YES;
				SDKROOT = iphoneos;
				SWIFT_ACTIVE_COMPILATION_CONDITIONS = "DEBUG $(inherited)";
				SWIFT_OPTIMIZATION_LEVEL = "-Onone";
			};
			name = Debug;
		};
		3CEC0DF22C683A3900607710 /* Release */ = {
			isa = XCBuildConfiguration;
			buildSettings = {
				ALWAYS_SEARCH_USER_PATHS = NO;
				ASSETCATALOG_COMPILER_GENERATE_SWIFT_ASSET_SYMBOL_EXTENSIONS = YES;
				CLANG_ANALYZER_NONNULL = YES;
				CLANG_ANALYZER_NUMBER_OBJECT_CONVERSION = YES_AGGRESSIVE;
				CLANG_CXX_LANGUAGE_STANDARD = "gnu++20";
				CLANG_ENABLE_MODULES = YES;
				CLANG_ENABLE_OBJC_ARC = YES;
				CLANG_ENABLE_OBJC_WEAK = YES;
				CLANG_WARN_BLOCK_CAPTURE_AUTORELEASING = YES;
				CLANG_WARN_BOOL_CONVERSION = YES;
				CLANG_WARN_COMMA = YES;
				CLANG_WARN_CONSTANT_CONVERSION = YES;
				CLANG_WARN_DEPRECATED_OBJC_IMPLEMENTATIONS = YES;
				CLANG_WARN_DIRECT_OBJC_ISA_USAGE = YES_ERROR;
				CLANG_WARN_DOCUMENTATION_COMMENTS = YES;
				CLANG_WARN_EMPTY_BODY = YES;
				CLANG_WARN_ENUM_CONVERSION = YES;
				CLANG_WARN_INFINITE_RECURSION = YES;
				CLANG_WARN_INT_CONVERSION = YES;
				CLANG_WARN_NON_LITERAL_NULL_CONVERSION = YES;
				CLANG_WARN_OBJC_IMPLICIT_RETAIN_SELF = YES;
				CLANG_WARN_OBJC_LITERAL_CONVERSION = YES;
				CLANG_WARN_OBJC_ROOT_CLASS = YES_ERROR;
				CLANG_WARN_QUOTED_INCLUDE_IN_FRAMEWORK_HEADER = YES;
				CLANG_WARN_RANGE_LOOP_ANALYSIS = YES;
				CLANG_WARN_STRICT_PROTOTYPES = YES;
				CLANG_WARN_SUSPICIOUS_MOVE = YES;
				CLANG_WARN_UNGUARDED_AVAILABILITY = YES_AGGRESSIVE;
				CLANG_WARN_UNREACHABLE_CODE = YES;
				CLANG_WARN__DUPLICATE_METHOD_MATCH = YES;
				COPY_PHASE_STRIP = NO;
				DEBUG_INFORMATION_FORMAT = "dwarf-with-dsym";
				ENABLE_NS_ASSERTIONS = NO;
				ENABLE_STRICT_OBJC_MSGSEND = YES;
				ENABLE_USER_SCRIPT_SANDBOXING = YES;
				GCC_C_LANGUAGE_STANDARD = gnu17;
				GCC_NO_COMMON_BLOCKS = YES;
				GCC_WARN_64_TO_32_BIT_CONVERSION = YES;
				GCC_WARN_ABOUT_RETURN_TYPE = YES_ERROR;
				GCC_WARN_UNDECLARED_SELECTOR = YES;
				GCC_WARN_UNINITIALIZED_AUTOS = YES_AGGRESSIVE;
				GCC_WARN_UNUSED_FUNCTION = YES;
				GCC_WARN_UNUSED_VARIABLE = YES;
				IPHONEOS_DEPLOYMENT_TARGET = 17.5;
				LOCALIZATION_PREFERS_STRING_CATALOGS = YES;
				MTL_ENABLE_DEBUG_INFO = NO;
				MTL_FAST_MATH = YES;
				SDKROOT = iphoneos;
				SWIFT_COMPILATION_MODE = wholemodule;
				VALIDATE_PRODUCT = YES;
			};
			name = Release;
		};
		3CEC0DF42C683A3900607710 /* Debug */ = {
			isa = XCBuildConfiguration;
			buildSettings = {
				ASSETCATALOG_COMPILER_APPICON_NAME = AppIcon;
				ASSETCATALOG_COMPILER_GLOBAL_ACCENT_COLOR_NAME = AccentColor;
				CODE_SIGN_STYLE = Automatic;
				CURRENT_PROJECT_VERSION = 1;
				DEVELOPMENT_ASSET_PATHS = "\"olympus-esdras-swift/Preview Content\"";
				ENABLE_PREVIEWS = YES;
				GENERATE_INFOPLIST_FILE = YES;
				INFOPLIST_KEY_UIApplicationSceneManifest_Generation = YES;
				INFOPLIST_KEY_UIApplicationSupportsIndirectInputEvents = YES;
				INFOPLIST_KEY_UILaunchScreen_Generation = YES;
				INFOPLIST_KEY_UISupportedInterfaceOrientations_iPad = "UIInterfaceOrientationPortrait UIInterfaceOrientationPortraitUpsideDown UIInterfaceOrientationLandscapeLeft UIInterfaceOrientationLandscapeRight";
				INFOPLIST_KEY_UISupportedInterfaceOrientations_iPhone = "UIInterfaceOrientationPortrait UIInterfaceOrientationLandscapeLeft UIInterfaceOrientationLandscapeRight";
				LD_RUNPATH_SEARCH_PATHS = (
					"$(inherited)",
					"@executable_path/Frameworks",
				);
				MARKETING_VERSION = 1.0;
				PRODUCT_BUNDLE_IDENTIFIER = "esdras-khan.olympus-esdras-swift";
				PRODUCT_NAME = "$(TARGET_NAME)";
				SWIFT_EMIT_LOC_STRINGS = YES;
				SWIFT_VERSION = 5.0;
				TARGETED_DEVICE_FAMILY = "1,2";
			};
			name = Debug;
		};
		3CEC0DF52C683A3900607710 /* Release */ = {
			isa = XCBuildConfiguration;
			buildSettings = {
				ASSETCATALOG_COMPILER_APPICON_NAME = AppIcon;
				ASSETCATALOG_COMPILER_GLOBAL_ACCENT_COLOR_NAME = AccentColor;
				CODE_SIGN_STYLE = Automatic;
				CURRENT_PROJECT_VERSION = 1;
				DEVELOPMENT_ASSET_PATHS = "\"olympus-esdras-swift/Preview Content\"";
				ENABLE_PREVIEWS = YES;
				GENERATE_INFOPLIST_FILE = YES;
				INFOPLIST_KEY_UIApplicationSceneManifest_Generation = YES;
				INFOPLIST_KEY_UIApplicationSupportsIndirectInputEvents = YES;
				INFOPLIST_KEY_UILaunchScreen_Generation = YES;
				INFOPLIST_KEY_UISupportedInterfaceOrientations_iPad = "UIInterfaceOrientationPortrait UIInterfaceOrientationPortraitUpsideDown UIInterfaceOrientationLandscapeLeft UIInterfaceOrientationLandscapeRight";
				INFOPLIST_KEY_UISupportedInterfaceOrientations_iPhone = "UIInterfaceOrientationPortrait UIInterfaceOrientationLandscapeLeft UIInterfaceOrientationLandscapeRight";
				LD_RUNPATH_SEARCH_PATHS = (
					"$(inherited)",
					"@executable_path/Frameworks",
				);
				MARKETING_VERSION = 1.0;
				PRODUCT_BUNDLE_IDENTIFIER = "esdras-khan.olympus-esdras-swift";
				PRODUCT_NAME = "$(TARGET_NAME)";
				SWIFT_EMIT_LOC_STRINGS = YES;
				SWIFT_VERSION = 5.0;
				TARGETED_DEVICE_FAMILY = "1,2";
			};
			name = Release;
		};
		3CEC0DF72C683A3900607710 /* Debug */ = {
			isa = XCBuildConfiguration;
			buildSettings = {
				ALWAYS_EMBED_SWIFT_STANDARD_LIBRARIES = YES;
				BUNDLE_LOADER = "$(TEST_HOST)";
				CODE_SIGN_STYLE = Automatic;
				CURRENT_PROJECT_VERSION = 1;
				GENERATE_INFOPLIST_FILE = YES;
				IPHONEOS_DEPLOYMENT_TARGET = 17.5;
				MARKETING_VERSION = 1.0;
				PRODUCT_BUNDLE_IDENTIFIER = "esdras-khan.olympus-esdras-swiftTests";
				PRODUCT_NAME = "$(TARGET_NAME)";
				SWIFT_EMIT_LOC_STRINGS = NO;
				SWIFT_VERSION = 5.0;
				TARGETED_DEVICE_FAMILY = "1,2";
				TEST_HOST = "$(BUILT_PRODUCTS_DIR)/olympus-esdras-swift.app/$(BUNDLE_EXECUTABLE_FOLDER_PATH)/olympus-esdras-swift";
			};
			name = Debug;
		};
		3CEC0DF82C683A3900607710 /* Release */ = {
			isa = XCBuildConfiguration;
			buildSettings = {
				ALWAYS_EMBED_SWIFT_STANDARD_LIBRARIES = YES;
				BUNDLE_LOADER = "$(TEST_HOST)";
				CODE_SIGN_STYLE = Automatic;
				CURRENT_PROJECT_VERSION = 1;
				GENERATE_INFOPLIST_FILE = YES;
				IPHONEOS_DEPLOYMENT_TARGET = 17.5;
				MARKETING_VERSION = 1.0;
				PRODUCT_BUNDLE_IDENTIFIER = "esdras-khan.olympus-esdras-swiftTests";
				PRODUCT_NAME = "$(TARGET_NAME)";
				SWIFT_EMIT_LOC_STRINGS = NO;
				SWIFT_VERSION = 5.0;
				TARGETED_DEVICE_FAMILY = "1,2";
				TEST_HOST = "$(BUILT_PRODUCTS_DIR)/olympus-esdras-swift.app/$(BUNDLE_EXECUTABLE_FOLDER_PATH)/olympus-esdras-swift";
			};
			name = Release;
		};
		3CEC0DFA2C683A3900607710 /* Debug */ = {
			isa = XCBuildConfiguration;
			buildSettings = {
				ALWAYS_EMBED_SWIFT_STANDARD_LIBRARIES = YES;
				CODE_SIGN_STYLE = Automatic;
				CURRENT_PROJECT_VERSION = 1;
				GENERATE_INFOPLIST_FILE = YES;
				MARKETING_VERSION = 1.0;
				PRODUCT_BUNDLE_IDENTIFIER = "esdras-khan.olympus-esdras-swiftUITests";
				PRODUCT_NAME = "$(TARGET_NAME)";
				SWIFT_EMIT_LOC_STRINGS = NO;
				SWIFT_VERSION = 5.0;
				TARGETED_DEVICE_FAMILY = "1,2";
				TEST_TARGET_NAME = "olympus-esdras-swift";
			};
			name = Debug;
		};
		3CEC0DFB2C683A3900607710 /* Release */ = {
			isa = XCBuildConfiguration;
			buildSettings = {
				ALWAYS_EMBED_SWIFT_STANDARD_LIBRARIES = YES;
				CODE_SIGN_STYLE = Automatic;
				CURRENT_PROJECT_VERSION = 1;
				GENERATE_INFOPLIST_FILE = YES;
				MARKETING_VERSION = 1.0;
				PRODUCT_BUNDLE_IDENTIFIER = "esdras-khan.olympus-esdras-swiftUITests";
				PRODUCT_NAME = "$(TARGET_NAME)";
				SWIFT_EMIT_LOC_STRINGS = NO;
				SWIFT_VERSION = 5.0;
				TARGETED_DEVICE_FAMILY = "1,2";
				TEST_TARGET_NAME = "olympus-esdras-swift";
			};
			name = Release;
		};
/* End XCBuildConfiguration section */

/* Begin XCConfigurationList section */
		3CEC0DCA2C683A3400607710 /* Build configuration list for PBXProject "olympus-esdras-swift" */ = {
			isa = XCConfigurationList;
			buildConfigurations = (
				3CEC0DF12C683A3900607710 /* Debug */,
				3CEC0DF22C683A3900607710 /* Release */,
			);
			defaultConfigurationIsVisible = 0;
			defaultConfigurationName = Release;
		};
		3CEC0DF32C683A3900607710 /* Build configuration list for PBXNativeTarget "olympus-esdras-swift" */ = {
			isa = XCConfigurationList;
			buildConfigurations = (
				3CEC0DF42C683A3900607710 /* Debug */,
				3CEC0DF52C683A3900607710 /* Release */,
			);
			defaultConfigurationIsVisible = 0;
			defaultConfigurationName = Release;
		};
		3CEC0DF62C683A3900607710 /* Build configuration list for PBXNativeTarget "olympus-esdras-swiftTests" */ = {
			isa = XCConfigurationList;
			buildConfigurations = (
				3CEC0DF72C683A3900607710 /* Debug */,
				3CEC0DF82C683A3900607710 /* Release */,
			);
			defaultConfigurationIsVisible = 0;
			defaultConfigurationName = Release;
		};
		3CEC0DF92C683A3900607710 /* Build configuration list for PBXNativeTarget "olympus-esdras-swiftUITests" */ = {
			isa = XCConfigurationList;
			buildConfigurations = (
				3CEC0DFA2C683A3900607710 /* Debug */,
				3CEC0DFB2C683A3900607710 /* Release */,
			);
			defaultConfigurationIsVisible = 0;
			defaultConfigurationName = Release;
		};
/* End XCConfigurationList section */

/* Begin XCRemoteSwiftPackageReference section */
		3CEC0DFC2C68424F00607710 /* XCRemoteSwiftPackageReference "RxSwift" */ = {
			isa = XCRemoteSwiftPackageReference;
			repositoryURL = "https://github.com/ReactiveX/RxSwift.git";
			requirement = {
				kind = upToNextMajorVersion;
				minimumVersion = 6.7.1;
			};
		};
/* End XCRemoteSwiftPackageReference section */
	};
	rootObject = 3CEC0DC72C683A3400607710 /* Project object */;
}
